
Microsoft Visual Studio Solution File, Format Version 12.00
# Visual Studio 15
VisualStudioVersion = 15.0.28307.438
MinimumVisualStudioVersion = 10.0.40219.1
Project("{9A19103F-16F7-4668-BE54-9A1E7A4F7556}") = "ioc_tutorial", "ioc_tutorial\ioc_tutorial.csproj", "{F5385CBA-D64D-4F74-98D3-A6255FDBDCC2}"
EndProject
Project("{FAE04EC0-301F-11D3-BF4B-00C04F79EFBC}") = "DatabaseLib", "DatabaseLib\DatabaseLib.csproj", "{F08F9178-4998-4DFA-BA3F-973DE83F87F0}"
EndProject
Global
	GlobalSection(SolutionConfigurationPlatforms) = preSolution
		Debug|Any CPU = Debug|Any CPU
		Release|Any CPU = Release|Any CPU
	EndGlobalSection
	GlobalSection(ProjectConfigurationPlatforms) = postSolution
		{F5385CBA-D64D-4F74-98D3-A6255FDBDCC2}.Debug|Any CPU.ActiveCfg = Debug|Any CPU
		{F5385CBA-D64D-4F74-98D3-A6255FDBDCC2}.Debug|Any CPU.Build.0 = Debug|Any CPU
		{F5385CBA-D64D-4F74-98D3-A6255FDBDCC2}.Release|Any CPU.ActiveCfg = Release|Any CPU
		{F5385CBA-D64D-4F74-98D3-A6255FDBDCC2}.Release|Any CPU.Build.0 = Release|Any CPU
		{F08F9178-4998-4DFA-BA3F-973DE83F87F0}.Debug|Any CPU.ActiveCfg = Debug|Any CPU
		{F08F9178-4998-4DFA-BA3F-973DE83F87F0}.Debug|Any CPU.Build.0 = Debug|Any CPU
		{F08F9178-4998-4DFA-BA3F-973DE83F87F0}.Release|Any CPU.ActiveCfg = Release|Any CPU
		{F08F9178-4998-4DFA-BA3F-973DE83F87F0}.Release|Any CPU.Build.0 = Release|Any CPU
	EndGlobalSection
	GlobalSection(SolutionProperties) = preSolution
		HideSolutionNode = FALSE
	EndGlobalSection
	GlobalSection(ExtensibilityGlobals) = postSolution
		SolutionGuid = {B6B8D07F-AD9C-4CEC-84C2-2B3B50432A4B}
	EndGlobalSection
EndGlobal
